// !$*UTF8*$!
{
	archiveVersion = 1;
	classes = {
	};
	objectVersion = 51;
	objects = {

/* Begin PBXBuildFile section */
		AB02E609AB4B70182AE3E756 /* Pods_UserInterface.framework in Frameworks */ = {isa = PBXBuildFile; fileRef = 057D5C9CCA236CBA225E0C31 /* Pods_UserInterface.framework */; };
		EC09574B2468BBC500413BD0 /* NearbyWeatherViewController.swift in Sources */ = {isa = PBXBuildFile; fileRef = EC09574A2468BBC500413BD0 /* NearbyWeatherViewController.swift */; };
		EC09574D2468BBE600413BD0 /* NearbyWeatherView.swift in Sources */ = {isa = PBXBuildFile; fileRef = EC09574C2468BBE600413BD0 /* NearbyWeatherView.swift */; };
		EC09574F2468BE2300413BD0 /* UIFont+boldSystemFont.swift in Sources */ = {isa = PBXBuildFile; fileRef = EC09574E2468BE2300413BD0 /* UIFont+boldSystemFont.swift */; };
		EC0957782468C84400413BD0 /* Services.framework in Frameworks */ = {isa = PBXBuildFile; fileRef = EC0957772468C84400413BD0 /* Services.framework */; };
		EC0957792468C84400413BD0 /* Services.framework in Embed Frameworks */ = {isa = PBXBuildFile; fileRef = EC0957772468C84400413BD0 /* Services.framework */; settings = {ATTRIBUTES = (CodeSignOnCopy, RemoveHeadersOnCopy, ); }; };
		EC09577D2468C85B00413BD0 /* Coordinator.swift in Sources */ = {isa = PBXBuildFile; fileRef = EC09577C2468C85B00413BD0 /* Coordinator.swift */; };
		EC09577F2468C9D300413BD0 /* LocalToNearbyWeatherCoordinator.swift in Sources */ = {isa = PBXBuildFile; fileRef = EC09577E2468C9D300413BD0 /* LocalToNearbyWeatherCoordinator.swift */; };
		EC0957832468DD1900413BD0 /* LighStatusBarNavigationController.swift in Sources */ = {isa = PBXBuildFile; fileRef = EC0957822468DD1900413BD0 /* LighStatusBarNavigationController.swift */; };
		EC0957BD246963FB00413BD0 /* GPS.framework in Frameworks */ = {isa = PBXBuildFile; fileRef = EC0957BC246963FB00413BD0 /* GPS.framework */; };
		EC0957BE246963FB00413BD0 /* GPS.framework in Embed Frameworks */ = {isa = PBXBuildFile; fileRef = EC0957BC246963FB00413BD0 /* GPS.framework */; settings = {ATTRIBUTES = (CodeSignOnCopy, RemoveHeadersOnCopy, ); }; };
		EC09585C2469E88300413BD0 /* LocalWeatherViewModel.swift in Sources */ = {isa = PBXBuildFile; fileRef = EC09585B2469E88300413BD0 /* LocalWeatherViewModel.swift */; };
		EC09585E2469E8CD00413BD0 /* GPS.framework in Frameworks */ = {isa = PBXBuildFile; fileRef = EC09585D2469E8CD00413BD0 /* GPS.framework */; };
		EC09585F2469E8CD00413BD0 /* GPS.framework in Embed Frameworks */ = {isa = PBXBuildFile; fileRef = EC09585D2469E8CD00413BD0 /* GPS.framework */; settings = {ATTRIBUTES = (CodeSignOnCopy, RemoveHeadersOnCopy, ); }; };
		EC0958612469E8D200413BD0 /* Networking.framework in Frameworks */ = {isa = PBXBuildFile; fileRef = EC0958602469E8D200413BD0 /* Networking.framework */; };
		EC0958622469E8D200413BD0 /* Networking.framework in Embed Frameworks */ = {isa = PBXBuildFile; fileRef = EC0958602469E8D200413BD0 /* Networking.framework */; settings = {ATTRIBUTES = (CodeSignOnCopy, RemoveHeadersOnCopy, ); }; };
		EC0958642469E8D600413BD0 /* Storage.framework in Frameworks */ = {isa = PBXBuildFile; fileRef = EC0958632469E8D600413BD0 /* Storage.framework */; };
		EC0958652469E8D600413BD0 /* Storage.framework in Embed Frameworks */ = {isa = PBXBuildFile; fileRef = EC0958632469E8D600413BD0 /* Storage.framework */; settings = {ATTRIBUTES = (CodeSignOnCopy, RemoveHeadersOnCopy, ); }; };
		EC0958672469EF7A00413BD0 /* UIViewController+alert.swift in Sources */ = {isa = PBXBuildFile; fileRef = EC0958662469EF7A00413BD0 /* UIViewController+alert.swift */; };
		EC0958692469F2DA00413BD0 /* Models.framework in Frameworks */ = {isa = PBXBuildFile; fileRef = EC0958682469F2DA00413BD0 /* Models.framework */; };
		EC09586A2469F2DA00413BD0 /* Models.framework in Embed Frameworks */ = {isa = PBXBuildFile; fileRef = EC0958682469F2DA00413BD0 /* Models.framework */; settings = {ATTRIBUTES = (CodeSignOnCopy, RemoveHeadersOnCopy, ); }; };
		EC09586C246ACF5500413BD0 /* NearbyWeatherViewModel.swift in Sources */ = {isa = PBXBuildFile; fileRef = EC09586B246ACF5500413BD0 /* NearbyWeatherViewModel.swift */; };
		ECB3F44F2468821800431CA9 /* UIFont+italicSystemFont.swift in Sources */ = {isa = PBXBuildFile; fileRef = ECB3F44E2468821800431CA9 /* UIFont+italicSystemFont.swift */; };
		ECB714C5246C1D9100450F82 /* Icon - Cold.png in Resources */ = {isa = PBXBuildFile; fileRef = ECB714BC246C1D9000450F82 /* Icon - Cold.png */; };
		ECB714C6246C1D9100450F82 /* Icon - Hot@3x.png in Resources */ = {isa = PBXBuildFile; fileRef = ECB714BD246C1D9000450F82 /* Icon - Hot@3x.png */; };
		ECB714C7246C1D9100450F82 /* Icon - Cool@3x.png in Resources */ = {isa = PBXBuildFile; fileRef = ECB714BE246C1D9000450F82 /* Icon - Cool@3x.png */; };
		ECB714C8246C1D9100450F82 /* Icon - Cool@2x.png in Resources */ = {isa = PBXBuildFile; fileRef = ECB714BF246C1D9000450F82 /* Icon - Cool@2x.png */; };
		ECB714C9246C1D9100450F82 /* Icon - Hot.png in Resources */ = {isa = PBXBuildFile; fileRef = ECB714C0246C1D9000450F82 /* Icon - Hot.png */; };
		ECB714CA246C1D9100450F82 /* Icon - Cool.png in Resources */ = {isa = PBXBuildFile; fileRef = ECB714C1246C1D9000450F82 /* Icon - Cool.png */; };
		ECB714CB246C1D9100450F82 /* Icon - Hot@2x.png in Resources */ = {isa = PBXBuildFile; fileRef = ECB714C2246C1D9100450F82 /* Icon - Hot@2x.png */; };
		ECB714CC246C1D9100450F82 /* Icon - Cold@2x.png in Resources */ = {isa = PBXBuildFile; fileRef = ECB714C3246C1D9100450F82 /* Icon - Cold@2x.png */; };
		ECB714CD246C1D9100450F82 /* Icon - Cold@3x.png in Resources */ = {isa = PBXBuildFile; fileRef = ECB714C4246C1D9100450F82 /* Icon - Cold@3x.png */; };
		ECB714D0246C203900450F82 /* Localizable.strings in Resources */ = {isa = PBXBuildFile; fileRef = ECB714D2246C203900450F82 /* Localizable.strings */; };
		ECB714D6246C232100450F82 /* String+localized.swift in Sources */ = {isa = PBXBuildFile; fileRef = ECB714D5246C232100450F82 /* String+localized.swift */; };
		ECB714D9246C297900450F82 /* InfoPlist.strings in Resources */ = {isa = PBXBuildFile; fileRef = ECB714DB246C297900450F82 /* InfoPlist.strings */; };
		ECFC68C22468747E0060C8AF /* AppDelegate.swift in Sources */ = {isa = PBXBuildFile; fileRef = ECFC68C12468747E0060C8AF /* AppDelegate.swift */; };
		ECFC68C42468747E0060C8AF /* SceneDelegate.swift in Sources */ = {isa = PBXBuildFile; fileRef = ECFC68C32468747E0060C8AF /* SceneDelegate.swift */; };
		ECFC68CB246874830060C8AF /* Assets.xcassets in Resources */ = {isa = PBXBuildFile; fileRef = ECFC68CA246874830060C8AF /* Assets.xcassets */; };
		ECFC68CE246874830060C8AF /* LaunchScreen.storyboard in Resources */ = {isa = PBXBuildFile; fileRef = ECFC68CC246874830060C8AF /* LaunchScreen.storyboard */; };
		ECFC68DB246875810060C8AF /* LocalWeatherViewController.swift in Sources */ = {isa = PBXBuildFile; fileRef = ECFC68DA246875810060C8AF /* LocalWeatherViewController.swift */; };
		ECFC68DD246878DC0060C8AF /* LocalWeatherView.swift in Sources */ = {isa = PBXBuildFile; fileRef = ECFC68DC246878DC0060C8AF /* LocalWeatherView.swift */; };
		ECFC68E0246879750060C8AF /* Drawable.swift in Sources */ = {isa = PBXBuildFile; fileRef = ECFC68DF246879750060C8AF /* Drawable.swift */; };
/* End PBXBuildFile section */

/* Begin PBXCopyFilesBuildPhase section */
		EC09577A2468C84500413BD0 /* Embed Frameworks */ = {
			isa = PBXCopyFilesBuildPhase;
			buildActionMask = 2147483647;
			dstPath = "";
			dstSubfolderSpec = 10;
			files = (
				EC0958622469E8D200413BD0 /* Networking.framework in Embed Frameworks */,
				EC0957792468C84400413BD0 /* Services.framework in Embed Frameworks */,
				EC09586A2469F2DA00413BD0 /* Models.framework in Embed Frameworks */,
				EC0958652469E8D600413BD0 /* Storage.framework in Embed Frameworks */,
				EC0957BE246963FB00413BD0 /* GPS.framework in Embed Frameworks */,
				EC09585F2469E8CD00413BD0 /* GPS.framework in Embed Frameworks */,
			);
			name = "Embed Frameworks";
			runOnlyForDeploymentPostprocessing = 0;
		};
/* End PBXCopyFilesBuildPhase section */

/* Begin PBXFileReference section */
		057D5C9CCA236CBA225E0C31 /* Pods_UserInterface.framework */ = {isa = PBXFileReference; explicitFileType = wrapper.framework; includeInIndex = 0; path = Pods_UserInterface.framework; sourceTree = BUILT_PRODUCTS_DIR; };
		41D8E6072820BF75E99BADA4 /* Pods-UserInterface.debug.xcconfig */ = {isa = PBXFileReference; includeInIndex = 1; lastKnownFileType = text.xcconfig; name = "Pods-UserInterface.debug.xcconfig"; path = "Target Support Files/Pods-UserInterface/Pods-UserInterface.debug.xcconfig"; sourceTree = "<group>"; };
		90D8120E78464245841D64BA /* Pods-UserInterface.release.xcconfig */ = {isa = PBXFileReference; includeInIndex = 1; lastKnownFileType = text.xcconfig; name = "Pods-UserInterface.release.xcconfig"; path = "Target Support Files/Pods-UserInterface/Pods-UserInterface.release.xcconfig"; sourceTree = "<group>"; };
		EC09574A2468BBC500413BD0 /* NearbyWeatherViewController.swift */ = {isa = PBXFileReference; lastKnownFileType = sourcecode.swift; path = NearbyWeatherViewController.swift; sourceTree = "<group>"; };
		EC09574C2468BBE600413BD0 /* NearbyWeatherView.swift */ = {isa = PBXFileReference; lastKnownFileType = sourcecode.swift; path = NearbyWeatherView.swift; sourceTree = "<group>"; };
		EC09574E2468BE2300413BD0 /* UIFont+boldSystemFont.swift */ = {isa = PBXFileReference; lastKnownFileType = sourcecode.swift; path = "UIFont+boldSystemFont.swift"; sourceTree = "<group>"; };
		EC0957772468C84400413BD0 /* Services.framework */ = {isa = PBXFileReference; explicitFileType = wrapper.framework; path = Services.framework; sourceTree = BUILT_PRODUCTS_DIR; };
		EC09577C2468C85B00413BD0 /* Coordinator.swift */ = {isa = PBXFileReference; lastKnownFileType = sourcecode.swift; path = Coordinator.swift; sourceTree = "<group>"; };
		EC09577E2468C9D300413BD0 /* LocalToNearbyWeatherCoordinator.swift */ = {isa = PBXFileReference; lastKnownFileType = sourcecode.swift; path = LocalToNearbyWeatherCoordinator.swift; sourceTree = "<group>"; };
		EC0957822468DD1900413BD0 /* LighStatusBarNavigationController.swift */ = {isa = PBXFileReference; lastKnownFileType = sourcecode.swift; path = LighStatusBarNavigationController.swift; sourceTree = "<group>"; };
		EC0957BC246963FB00413BD0 /* GPS.framework */ = {isa = PBXFileReference; explicitFileType = wrapper.framework; path = GPS.framework; sourceTree = BUILT_PRODUCTS_DIR; };
		EC09585B2469E88300413BD0 /* LocalWeatherViewModel.swift */ = {isa = PBXFileReference; lastKnownFileType = sourcecode.swift; path = LocalWeatherViewModel.swift; sourceTree = "<group>"; };
		EC09585D2469E8CD00413BD0 /* GPS.framework */ = {isa = PBXFileReference; explicitFileType = wrapper.framework; path = GPS.framework; sourceTree = BUILT_PRODUCTS_DIR; };
		EC0958602469E8D200413BD0 /* Networking.framework */ = {isa = PBXFileReference; explicitFileType = wrapper.framework; path = Networking.framework; sourceTree = BUILT_PRODUCTS_DIR; };
		EC0958632469E8D600413BD0 /* Storage.framework */ = {isa = PBXFileReference; explicitFileType = wrapper.framework; path = Storage.framework; sourceTree = BUILT_PRODUCTS_DIR; };
		EC0958662469EF7A00413BD0 /* UIViewController+alert.swift */ = {isa = PBXFileReference; lastKnownFileType = sourcecode.swift; path = "UIViewController+alert.swift"; sourceTree = "<group>"; };
		EC0958682469F2DA00413BD0 /* Models.framework */ = {isa = PBXFileReference; explicitFileType = wrapper.framework; path = Models.framework; sourceTree = BUILT_PRODUCTS_DIR; };
		EC09586B246ACF5500413BD0 /* NearbyWeatherViewModel.swift */ = {isa = PBXFileReference; lastKnownFileType = sourcecode.swift; path = NearbyWeatherViewModel.swift; sourceTree = "<group>"; };
		ECB3F44E2468821800431CA9 /* UIFont+italicSystemFont.swift */ = {isa = PBXFileReference; lastKnownFileType = sourcecode.swift; path = "UIFont+italicSystemFont.swift"; sourceTree = "<group>"; };
		ECB714BC246C1D9000450F82 /* Icon - Cold.png */ = {isa = PBXFileReference; lastKnownFileType = image.png; path = "Icon - Cold.png"; sourceTree = "<group>"; };
		ECB714BD246C1D9000450F82 /* Icon - Hot@3x.png */ = {isa = PBXFileReference; lastKnownFileType = image.png; path = "Icon - Hot@3x.png"; sourceTree = "<group>"; };
		ECB714BE246C1D9000450F82 /* Icon - Cool@3x.png */ = {isa = PBXFileReference; lastKnownFileType = image.png; path = "Icon - Cool@3x.png"; sourceTree = "<group>"; };
		ECB714BF246C1D9000450F82 /* Icon - Cool@2x.png */ = {isa = PBXFileReference; lastKnownFileType = image.png; path = "Icon - Cool@2x.png"; sourceTree = "<group>"; };
		ECB714C0246C1D9000450F82 /* Icon - Hot.png */ = {isa = PBXFileReference; lastKnownFileType = image.png; path = "Icon - Hot.png"; sourceTree = "<group>"; };
		ECB714C1246C1D9000450F82 /* Icon - Cool.png */ = {isa = PBXFileReference; lastKnownFileType = image.png; path = "Icon - Cool.png"; sourceTree = "<group>"; };
		ECB714C2246C1D9100450F82 /* Icon - Hot@2x.png */ = {isa = PBXFileReference; lastKnownFileType = image.png; path = "Icon - Hot@2x.png"; sourceTree = "<group>"; };
		ECB714C3246C1D9100450F82 /* Icon - Cold@2x.png */ = {isa = PBXFileReference; lastKnownFileType = image.png; path = "Icon - Cold@2x.png"; sourceTree = "<group>"; };
		ECB714C4246C1D9100450F82 /* Icon - Cold@3x.png */ = {isa = PBXFileReference; lastKnownFileType = image.png; path = "Icon - Cold@3x.png"; sourceTree = "<group>"; };
		ECB714D1246C203900450F82 /* en */ = {isa = PBXFileReference; lastKnownFileType = text.plist.strings; name = en; path = en.lproj/Localizable.strings; sourceTree = "<group>"; };
		ECB714D3246C20CA00450F82 /* pt-BR */ = {isa = PBXFileReference; lastKnownFileType = text.plist.strings; name = "pt-BR"; path = "pt-BR.lproj/Localizable.strings"; sourceTree = "<group>"; };
		ECB714D4246C20EB00450F82 /* fr */ = {isa = PBXFileReference; lastKnownFileType = text.plist.strings; name = fr; path = fr.lproj/Localizable.strings; sourceTree = "<group>"; };
		ECB714D5246C232100450F82 /* String+localized.swift */ = {isa = PBXFileReference; lastKnownFileType = sourcecode.swift; path = "String+localized.swift"; sourceTree = "<group>"; };
		ECB714DA246C297900450F82 /* en */ = {isa = PBXFileReference; lastKnownFileType = text.plist.strings; name = en; path = en.lproj/InfoPlist.strings; sourceTree = "<group>"; };
		ECB714DC246C297D00450F82 /* fr */ = {isa = PBXFileReference; lastKnownFileType = text.plist.strings; name = fr; path = fr.lproj/InfoPlist.strings; sourceTree = "<group>"; };
		ECB714DD246C297E00450F82 /* pt-BR */ = {isa = PBXFileReference; lastKnownFileType = text.plist.strings; name = "pt-BR"; path = "pt-BR.lproj/InfoPlist.strings"; sourceTree = "<group>"; };
		ECFC68BE2468747E0060C8AF /* Weather Here.app */ = {isa = PBXFileReference; explicitFileType = wrapper.application; includeInIndex = 0; path = "Weather Here.app"; sourceTree = BUILT_PRODUCTS_DIR; };
		ECFC68C12468747E0060C8AF /* AppDelegate.swift */ = {isa = PBXFileReference; lastKnownFileType = sourcecode.swift; path = AppDelegate.swift; sourceTree = "<group>"; };
		ECFC68C32468747E0060C8AF /* SceneDelegate.swift */ = {isa = PBXFileReference; lastKnownFileType = sourcecode.swift; path = SceneDelegate.swift; sourceTree = "<group>"; };
		ECFC68CA246874830060C8AF /* Assets.xcassets */ = {isa = PBXFileReference; lastKnownFileType = folder.assetcatalog; path = Assets.xcassets; sourceTree = "<group>"; };
		ECFC68CD246874830060C8AF /* Base */ = {isa = PBXFileReference; lastKnownFileType = file.storyboard; name = Base; path = Base.lproj/LaunchScreen.storyboard; sourceTree = "<group>"; };
		ECFC68CF246874830060C8AF /* Info.plist */ = {isa = PBXFileReference; lastKnownFileType = text.plist.xml; path = Info.plist; sourceTree = "<group>"; };
		ECFC68DA246875810060C8AF /* LocalWeatherViewController.swift */ = {isa = PBXFileReference; lastKnownFileType = sourcecode.swift; path = LocalWeatherViewController.swift; sourceTree = "<group>"; };
		ECFC68DC246878DC0060C8AF /* LocalWeatherView.swift */ = {isa = PBXFileReference; lastKnownFileType = sourcecode.swift; path = LocalWeatherView.swift; sourceTree = "<group>"; };
		ECFC68DF246879750060C8AF /* Drawable.swift */ = {isa = PBXFileReference; lastKnownFileType = sourcecode.swift; path = Drawable.swift; sourceTree = "<group>"; };
/* End PBXFileReference section */

/* Begin PBXFrameworksBuildPhase section */
		ECFC68BB2468747E0060C8AF /* Frameworks */ = {
			isa = PBXFrameworksBuildPhase;
			buildActionMask = 2147483647;
			files = (
				EC0957782468C84400413BD0 /* Services.framework in Frameworks */,
				AB02E609AB4B70182AE3E756 /* Pods_UserInterface.framework in Frameworks */,
				EC0958642469E8D600413BD0 /* Storage.framework in Frameworks */,
				EC0957BD246963FB00413BD0 /* GPS.framework in Frameworks */,
				EC0958612469E8D200413BD0 /* Networking.framework in Frameworks */,
				EC09585E2469E8CD00413BD0 /* GPS.framework in Frameworks */,
				EC0958692469F2DA00413BD0 /* Models.framework in Frameworks */,
			);
			runOnlyForDeploymentPostprocessing = 0;
		};
/* End PBXFrameworksBuildPhase section */

/* Begin PBXGroup section */
		59D3B6B7F74D4925F40EB91F /* Pods */ = {
			isa = PBXGroup;
			children = (
				41D8E6072820BF75E99BADA4 /* Pods-UserInterface.debug.xcconfig */,
				90D8120E78464245841D64BA /* Pods-UserInterface.release.xcconfig */,
			);
			name = Pods;
			path = ../Pods;
			sourceTree = "<group>";
		};
		EC0957492468BB9B00413BD0 /* Nearby Weather */ = {
			isa = PBXGroup;
			children = (
				EC09574A2468BBC500413BD0 /* NearbyWeatherViewController.swift */,
				EC09574C2468BBE600413BD0 /* NearbyWeatherView.swift */,
				EC09586B246ACF5500413BD0 /* NearbyWeatherViewModel.swift */,
			);
			name = "Nearby Weather";
			sourceTree = "<group>";
		};
		EC09577B2468C84B00413BD0 /* Coordinator */ = {
			isa = PBXGroup;
			children = (
				EC09577C2468C85B00413BD0 /* Coordinator.swift */,
				EC09577E2468C9D300413BD0 /* LocalToNearbyWeatherCoordinator.swift */,
			);
			name = Coordinator;
			sourceTree = "<group>";
		};
		ECB3F44D246881FD00431CA9 /* Extensions */ = {
			isa = PBXGroup;
			children = (
				ECB3F44E2468821800431CA9 /* UIFont+italicSystemFont.swift */,
				EC09574E2468BE2300413BD0 /* UIFont+boldSystemFont.swift */,
				EC0958662469EF7A00413BD0 /* UIViewController+alert.swift */,
				ECB714D5246C232100450F82 /* String+localized.swift */,
			);
			name = Extensions;
			sourceTree = "<group>";
		};
		ECB714B5246C171200450F82 /* Icons */ = {
			isa = PBXGroup;
			children = (
				ECB714BC246C1D9000450F82 /* Icon - Cold.png */,
				ECB714C3246C1D9100450F82 /* Icon - Cold@2x.png */,
				ECB714C4246C1D9100450F82 /* Icon - Cold@3x.png */,
				ECB714C1246C1D9000450F82 /* Icon - Cool.png */,
				ECB714BF246C1D9000450F82 /* Icon - Cool@2x.png */,
				ECB714BE246C1D9000450F82 /* Icon - Cool@3x.png */,
				ECB714C0246C1D9000450F82 /* Icon - Hot.png */,
				ECB714C2246C1D9100450F82 /* Icon - Hot@2x.png */,
				ECB714BD246C1D9000450F82 /* Icon - Hot@3x.png */,
			);
			name = Icons;
			sourceTree = "<group>";
		};
		ECFC68B52468747E0060C8AF = {
			isa = PBXGroup;
			children = (
				ECFC68C02468747E0060C8AF /* UserInterface */,
				ECFC68BF2468747E0060C8AF /* Products */,
				59D3B6B7F74D4925F40EB91F /* Pods */,
				EFCECF40FCECDBCCF72001EB /* Frameworks */,
			);
			sourceTree = "<group>";
		};
		ECFC68BF2468747E0060C8AF /* Products */ = {
			isa = PBXGroup;
			children = (
				ECFC68BE2468747E0060C8AF /* Weather Here.app */,
			);
			name = Products;
			sourceTree = "<group>";
		};
		ECFC68C02468747E0060C8AF /* UserInterface */ = {
			isa = PBXGroup;
			children = (
				ECFC68D82468754D0060C8AF /* Screens */,
				EC09577B2468C84B00413BD0 /* Coordinator */,
				ECFC68DE246879660060C8AF /* Supporting */,
				ECFC68D7246875400060C8AF /* Resources */,
				ECFC68D6246875200060C8AF /* Misc */,
			);
			path = UserInterface;
			sourceTree = "<group>";
		};
		ECFC68D5246874E70060C8AF /* Delegates */ = {
			isa = PBXGroup;
			children = (
				ECFC68C12468747E0060C8AF /* AppDelegate.swift */,
				ECFC68C32468747E0060C8AF /* SceneDelegate.swift */,
			);
			name = Delegates;
			sourceTree = "<group>";
		};
		ECFC68D6246875200060C8AF /* Misc */ = {
			isa = PBXGroup;
			children = (
				ECFC68D5246874E70060C8AF /* Delegates */,
				ECFC68CC246874830060C8AF /* LaunchScreen.storyboard */,
				ECFC68CF246874830060C8AF /* Info.plist */,
			);
			name = Misc;
			sourceTree = "<group>";
		};
		ECFC68D7246875400060C8AF /* Resources */ = {
			isa = PBXGroup;
			children = (
				ECB714B5246C171200450F82 /* Icons */,
				ECFC68CA246874830060C8AF /* Assets.xcassets */,
				ECB714D2246C203900450F82 /* Localizable.strings */,
				ECB714DB246C297900450F82 /* InfoPlist.strings */,
			);
			name = Resources;
			sourceTree = "<group>";
		};
		ECFC68D82468754D0060C8AF /* Screens */ = {
			isa = PBXGroup;
			children = (
				EC0957492468BB9B00413BD0 /* Nearby Weather */,
				ECFC68D9246875560060C8AF /* Local Weather */,
			);
			name = Screens;
			sourceTree = "<group>";
		};
		ECFC68D9246875560060C8AF /* Local Weather */ = {
			isa = PBXGroup;
			children = (
				ECFC68DA246875810060C8AF /* LocalWeatherViewController.swift */,
				ECFC68DC246878DC0060C8AF /* LocalWeatherView.swift */,
				EC09585B2469E88300413BD0 /* LocalWeatherViewModel.swift */,
			);
			name = "Local Weather";
			sourceTree = "<group>";
		};
		ECFC68DE246879660060C8AF /* Supporting */ = {
			isa = PBXGroup;
			children = (
				ECB3F44D246881FD00431CA9 /* Extensions */,
				ECFC68DF246879750060C8AF /* Drawable.swift */,
				EC0957822468DD1900413BD0 /* LighStatusBarNavigationController.swift */,
			);
			name = Supporting;
			sourceTree = "<group>";
		};
		EFCECF40FCECDBCCF72001EB /* Frameworks */ = {
			isa = PBXGroup;
			children = (
				EC0958682469F2DA00413BD0 /* Models.framework */,
				EC0958632469E8D600413BD0 /* Storage.framework */,
				EC0958602469E8D200413BD0 /* Networking.framework */,
				EC09585D2469E8CD00413BD0 /* GPS.framework */,
				EC0957BC246963FB00413BD0 /* GPS.framework */,
				EC0957772468C84400413BD0 /* Services.framework */,
				057D5C9CCA236CBA225E0C31 /* Pods_UserInterface.framework */,
			);
			name = Frameworks;
			sourceTree = "<group>";
		};
/* End PBXGroup section */

/* Begin PBXNativeTarget section */
		ECFC68BD2468747E0060C8AF /* UserInterface */ = {
			isa = PBXNativeTarget;
			buildConfigurationList = ECFC68D2246874830060C8AF /* Build configuration list for PBXNativeTarget "UserInterface" */;
			buildPhases = (
				DCFB8B9D1E8752EAC65A56CB /* [CP] Check Pods Manifest.lock */,
				ECFC68BA2468747E0060C8AF /* Sources */,
				ECFC68BB2468747E0060C8AF /* Frameworks */,
				ECFC68BC2468747E0060C8AF /* Resources */,
				0428E4CFEA277BBCAEF9E543 /* [CP] Embed Pods Frameworks */,
				EC09577A2468C84500413BD0 /* Embed Frameworks */,
			);
			buildRules = (
			);
			dependencies = (
			);
			name = UserInterface;
			productName = UserInterface;
			productReference = ECFC68BE2468747E0060C8AF /* Weather Here.app */;
			productType = "com.apple.product-type.application";
		};
/* End PBXNativeTarget section */

/* Begin PBXProject section */
		ECFC68B62468747E0060C8AF /* Project object */ = {
			isa = PBXProject;
			attributes = {
				LastSwiftUpdateCheck = 1140;
				LastUpgradeCheck = 1140;
				ORGANIZATIONNAME = "Gustavo Almeida Amaral";
				TargetAttributes = {
					ECFC68BD2468747E0060C8AF = {
						CreatedOnToolsVersion = 11.4.1;
					};
				};
			};
			buildConfigurationList = ECFC68B92468747E0060C8AF /* Build configuration list for PBXProject "UserInterface" */;
			compatibilityVersion = "Xcode 9.3";
			developmentRegion = en;
			hasScannedForEncodings = 0;
			knownRegions = (
				en,
				Base,
				"pt-BR",
				fr,
			);
			mainGroup = ECFC68B52468747E0060C8AF;
			productRefGroup = ECFC68BF2468747E0060C8AF /* Products */;
			projectDirPath = "";
			projectRoot = "";
			targets = (
				ECFC68BD2468747E0060C8AF /* UserInterface */,
			);
		};
/* End PBXProject section */

/* Begin PBXResourcesBuildPhase section */
		ECFC68BC2468747E0060C8AF /* Resources */ = {
			isa = PBXResourcesBuildPhase;
			buildActionMask = 2147483647;
			files = (
				ECB714C7246C1D9100450F82 /* Icon - Cool@3x.png in Resources */,
				ECB714D0246C203900450F82 /* Localizable.strings in Resources */,
				ECB714C6246C1D9100450F82 /* Icon - Hot@3x.png in Resources */,
				ECB714D9246C297900450F82 /* InfoPlist.strings in Resources */,
				ECB714CD246C1D9100450F82 /* Icon - Cold@3x.png in Resources */,
				ECFC68CE246874830060C8AF /* LaunchScreen.storyboard in Resources */,
				ECFC68CB246874830060C8AF /* Assets.xcassets in Resources */,
				ECB714C8246C1D9100450F82 /* Icon - Cool@2x.png in Resources */,
				ECB714CC246C1D9100450F82 /* Icon - Cold@2x.png in Resources */,
				ECB714CA246C1D9100450F82 /* Icon - Cool.png in Resources */,
				ECB714C9246C1D9100450F82 /* Icon - Hot.png in Resources */,
				ECB714CB246C1D9100450F82 /* Icon - Hot@2x.png in Resources */,
				ECB714C5246C1D9100450F82 /* Icon - Cold.png in Resources */,
			);
			runOnlyForDeploymentPostprocessing = 0;
		};
/* End PBXResourcesBuildPhase section */

/* Begin PBXShellScriptBuildPhase section */
		0428E4CFEA277BBCAEF9E543 /* [CP] Embed Pods Frameworks */ = {
			isa = PBXShellScriptBuildPhase;
			buildActionMask = 2147483647;
			files = (
			);
			inputFileListPaths = (
				"${PODS_ROOT}/Target Support Files/Pods-UserInterface/Pods-UserInterface-frameworks-${CONFIGURATION}-input-files.xcfilelist",
			);
			name = "[CP] Embed Pods Frameworks";
			outputFileListPaths = (
				"${PODS_ROOT}/Target Support Files/Pods-UserInterface/Pods-UserInterface-frameworks-${CONFIGURATION}-output-files.xcfilelist",
			);
			runOnlyForDeploymentPostprocessing = 0;
			shellPath = /bin/sh;
			shellScript = "\"${PODS_ROOT}/Target Support Files/Pods-UserInterface/Pods-UserInterface-frameworks.sh\"\n";
			showEnvVarsInLog = 0;
		};
		DCFB8B9D1E8752EAC65A56CB /* [CP] Check Pods Manifest.lock */ = {
			isa = PBXShellScriptBuildPhase;
			buildActionMask = 2147483647;
			files = (
			);
			inputFileListPaths = (
			);
			inputPaths = (
				"${PODS_PODFILE_DIR_PATH}/Podfile.lock",
				"${PODS_ROOT}/Manifest.lock",
			);
			name = "[CP] Check Pods Manifest.lock";
			outputFileListPaths = (
			);
			outputPaths = (
				"$(DERIVED_FILE_DIR)/Pods-UserInterface-checkManifestLockResult.txt",
			);
			runOnlyForDeploymentPostprocessing = 0;
			shellPath = /bin/sh;
			shellScript = "diff \"${PODS_PODFILE_DIR_PATH}/Podfile.lock\" \"${PODS_ROOT}/Manifest.lock\" > /dev/null\nif [ $? != 0 ] ; then\n    # print error to STDERR\n    echo \"error: The sandbox is not in sync with the Podfile.lock. Run 'pod install' or update your CocoaPods installation.\" >&2\n    exit 1\nfi\n# This output is used by Xcode 'outputs' to avoid re-running this script phase.\necho \"SUCCESS\" > \"${SCRIPT_OUTPUT_FILE_0}\"\n";
			showEnvVarsInLog = 0;
		};
/* End PBXShellScriptBuildPhase section */

/* Begin PBXSourcesBuildPhase section */
		ECFC68BA2468747E0060C8AF /* Sources */ = {
			isa = PBXSourcesBuildPhase;
			buildActionMask = 2147483647;
			files = (
				EC09577F2468C9D300413BD0 /* LocalToNearbyWeatherCoordinator.swift in Sources */,
				ECFC68C22468747E0060C8AF /* AppDelegate.swift in Sources */,
				ECFC68C42468747E0060C8AF /* SceneDelegate.swift in Sources */,
				EC0958672469EF7A00413BD0 /* UIViewController+alert.swift in Sources */,
				EC09577D2468C85B00413BD0 /* Coordinator.swift in Sources */,
				EC09574F2468BE2300413BD0 /* UIFont+boldSystemFont.swift in Sources */,
				EC09574B2468BBC500413BD0 /* NearbyWeatherViewController.swift in Sources */,
				EC09585C2469E88300413BD0 /* LocalWeatherViewModel.swift in Sources */,
				ECFC68DB246875810060C8AF /* LocalWeatherViewController.swift in Sources */,
				ECFC68DD246878DC0060C8AF /* LocalWeatherView.swift in Sources */,
				ECB714D6246C232100450F82 /* String+localized.swift in Sources */,
				ECB3F44F2468821800431CA9 /* UIFont+italicSystemFont.swift in Sources */,
				EC09574D2468BBE600413BD0 /* NearbyWeatherView.swift in Sources */,
				ECFC68E0246879750060C8AF /* Drawable.swift in Sources */,
				EC09586C246ACF5500413BD0 /* NearbyWeatherViewModel.swift in Sources */,
				EC0957832468DD1900413BD0 /* LighStatusBarNavigationController.swift in Sources */,
			);
			runOnlyForDeploymentPostprocessing = 0;
		};
/* End PBXSourcesBuildPhase section */

/* Begin PBXVariantGroup section */
		ECB714D2246C203900450F82 /* Localizable.strings */ = {
			isa = PBXVariantGroup;
			children = (
				ECB714D1246C203900450F82 /* en */,
				ECB714D3246C20CA00450F82 /* pt-BR */,
				ECB714D4246C20EB00450F82 /* fr */,
			);
			name = Localizable.strings;
			sourceTree = "<group>";
		};
		ECB714DB246C297900450F82 /* InfoPlist.strings */ = {
			isa = PBXVariantGroup;
			children = (
				ECB714DA246C297900450F82 /* en */,
				ECB714DC246C297D00450F82 /* fr */,
				ECB714DD246C297E00450F82 /* pt-BR */,
			);
			name = InfoPlist.strings;
			sourceTree = "<group>";
		};
		ECFC68CC246874830060C8AF /* LaunchScreen.storyboard */ = {
			isa = PBXVariantGroup;
			children = (
				ECFC68CD246874830060C8AF /* Base */,
			);
			name = LaunchScreen.storyboard;
			sourceTree = "<group>";
		};
/* End PBXVariantGroup section */

/* Begin XCBuildConfiguration section */
		ECFC68D0246874830060C8AF /* Debug */ = {
			isa = XCBuildConfiguration;
			buildSettings = {
				ALWAYS_SEARCH_USER_PATHS = NO;
				CLANG_ANALYZER_LOCALIZABILITY_NONLOCALIZED = YES;
				CLANG_ANALYZER_NONNULL = YES;
				CLANG_ANALYZER_NUMBER_OBJECT_CONVERSION = YES_AGGRESSIVE;
				CLANG_CXX_LANGUAGE_STANDARD = "gnu++14";
				CLANG_CXX_LIBRARY = "libc++";
				CLANG_ENABLE_MODULES = YES;
				CLANG_ENABLE_OBJC_ARC = YES;
				CLANG_ENABLE_OBJC_WEAK = YES;
				CLANG_WARN_BLOCK_CAPTURE_AUTORELEASING = YES;
				CLANG_WARN_BOOL_CONVERSION = YES;
				CLANG_WARN_COMMA = YES;
				CLANG_WARN_CONSTANT_CONVERSION = YES;
				CLANG_WARN_DEPRECATED_OBJC_IMPLEMENTATIONS = YES;
				CLANG_WARN_DIRECT_OBJC_ISA_USAGE = YES_ERROR;
				CLANG_WARN_DOCUMENTATION_COMMENTS = YES;
				CLANG_WARN_EMPTY_BODY = YES;
				CLANG_WARN_ENUM_CONVERSION = YES;
				CLANG_WARN_INFINITE_RECURSION = YES;
				CLANG_WARN_INT_CONVERSION = YES;
				CLANG_WARN_NON_LITERAL_NULL_CONVERSION = YES;
				CLANG_WARN_OBJC_IMPLICIT_RETAIN_SELF = YES;
				CLANG_WARN_OBJC_LITERAL_CONVERSION = YES;
				CLANG_WARN_OBJC_ROOT_CLASS = YES_ERROR;
				CLANG_WARN_RANGE_LOOP_ANALYSIS = YES;
				CLANG_WARN_STRICT_PROTOTYPES = YES;
				CLANG_WARN_SUSPICIOUS_MOVE = YES;
				CLANG_WARN_UNGUARDED_AVAILABILITY = YES_AGGRESSIVE;
				CLANG_WARN_UNREACHABLE_CODE = YES;
				CLANG_WARN__DUPLICATE_METHOD_MATCH = YES;
				COPY_PHASE_STRIP = NO;
				DEBUG_INFORMATION_FORMAT = dwarf;
				ENABLE_STRICT_OBJC_MSGSEND = YES;
				ENABLE_TESTABILITY = YES;
				GCC_C_LANGUAGE_STANDARD = gnu11;
				GCC_DYNAMIC_NO_PIC = NO;
				GCC_NO_COMMON_BLOCKS = YES;
				GCC_OPTIMIZATION_LEVEL = 0;
				GCC_PREPROCESSOR_DEFINITIONS = (
					"DEBUG=1",
					"$(inherited)",
				);
				GCC_WARN_64_TO_32_BIT_CONVERSION = YES;
				GCC_WARN_ABOUT_RETURN_TYPE = YES_ERROR;
				GCC_WARN_UNDECLARED_SELECTOR = YES;
				GCC_WARN_UNINITIALIZED_AUTOS = YES_AGGRESSIVE;
				GCC_WARN_UNUSED_FUNCTION = YES;
				GCC_WARN_UNUSED_VARIABLE = YES;
				IPHONEOS_DEPLOYMENT_TARGET = 13.4;
				MTL_ENABLE_DEBUG_INFO = INCLUDE_SOURCE;
				MTL_FAST_MATH = YES;
				ONLY_ACTIVE_ARCH = YES;
				SDKROOT = iphoneos;
				SWIFT_ACTIVE_COMPILATION_CONDITIONS = DEBUG;
				SWIFT_OPTIMIZATION_LEVEL = "-Onone";
			};
			name = Debug;
		};
		ECFC68D1246874830060C8AF /* Release */ = {
			isa = XCBuildConfiguration;
			buildSettings = {
				ALWAYS_SEARCH_USER_PATHS = NO;
				CLANG_ANALYZER_LOCALIZABILITY_NONLOCALIZED = YES;
				CLANG_ANALYZER_NONNULL = YES;
				CLANG_ANALYZER_NUMBER_OBJECT_CONVERSION = YES_AGGRESSIVE;
				CLANG_CXX_LANGUAGE_STANDARD = "gnu++14";
				CLANG_CXX_LIBRARY = "libc++";
				CLANG_ENABLE_MODULES = YES;
				CLANG_ENABLE_OBJC_ARC = YES;
				CLANG_ENABLE_OBJC_WEAK = YES;
				CLANG_WARN_BLOCK_CAPTURE_AUTORELEASING = YES;
				CLANG_WARN_BOOL_CONVERSION = YES;
				CLANG_WARN_COMMA = YES;
				CLANG_WARN_CONSTANT_CONVERSION = YES;
				CLANG_WARN_DEPRECATED_OBJC_IMPLEMENTATIONS = YES;
				CLANG_WARN_DIRECT_OBJC_ISA_USAGE = YES_ERROR;
				CLANG_WARN_DOCUMENTATION_COMMENTS = YES;
				CLANG_WARN_EMPTY_BODY = YES;
				CLANG_WARN_ENUM_CONVERSION = YES;
				CLANG_WARN_INFINITE_RECURSION = YES;
				CLANG_WARN_INT_CONVERSION = YES;
				CLANG_WARN_NON_LITERAL_NULL_CONVERSION = YES;
				CLANG_WARN_OBJC_IMPLICIT_RETAIN_SELF = YES;
				CLANG_WARN_OBJC_LITERAL_CONVERSION = YES;
				CLANG_WARN_OBJC_ROOT_CLASS = YES_ERROR;
				CLANG_WARN_RANGE_LOOP_ANALYSIS = YES;
				CLANG_WARN_STRICT_PROTOTYPES = YES;
				CLANG_WARN_SUSPICIOUS_MOVE = YES;
				CLANG_WARN_UNGUARDED_AVAILABILITY = YES_AGGRESSIVE;
				CLANG_WARN_UNREACHABLE_CODE = YES;
				CLANG_WARN__DUPLICATE_METHOD_MATCH = YES;
				COPY_PHASE_STRIP = NO;
				DEBUG_INFORMATION_FORMAT = "dwarf-with-dsym";
				ENABLE_NS_ASSERTIONS = NO;
				ENABLE_STRICT_OBJC_MSGSEND = YES;
				GCC_C_LANGUAGE_STANDARD = gnu11;
				GCC_NO_COMMON_BLOCKS = YES;
				GCC_WARN_64_TO_32_BIT_CONVERSION = YES;
				GCC_WARN_ABOUT_RETURN_TYPE = YES_ERROR;
				GCC_WARN_UNDECLARED_SELECTOR = YES;
				GCC_WARN_UNINITIALIZED_AUTOS = YES_AGGRESSIVE;
				GCC_WARN_UNUSED_FUNCTION = YES;
				GCC_WARN_UNUSED_VARIABLE = YES;
				IPHONEOS_DEPLOYMENT_TARGET = 13.4;
				MTL_ENABLE_DEBUG_INFO = NO;
				MTL_FAST_MATH = YES;
				SDKROOT = iphoneos;
				SWIFT_COMPILATION_MODE = wholemodule;
				SWIFT_OPTIMIZATION_LEVEL = "-O";
				VALIDATE_PRODUCT = YES;
			};
			name = Release;
		};
		ECFC68D3246874830060C8AF /* Debug */ = {
			isa = XCBuildConfiguration;
			baseConfigurationReference = 41D8E6072820BF75E99BADA4 /* Pods-UserInterface.debug.xcconfig */;
			buildSettings = {
				ASSETCATALOG_COMPILER_APPICON_NAME = AppIcon;
				CODE_SIGN_STYLE = Automatic;
				DEVELOPMENT_TEAM = 4EQ948BHF9;
				INFOPLIST_FILE = UserInterface/Info.plist;
				IPHONEOS_DEPLOYMENT_TARGET = 13.0;
				LD_RUNPATH_SEARCH_PATHS = (
					"$(inherited)",
					"@executable_path/Frameworks",
				);
				PRODUCT_BUNDLE_IDENTIFIER = com.almeidaws.WeatherHere.UserInterface;
				PRODUCT_NAME = "Weather Here";
				SWIFT_VERSION = 5.0;
				TARGETED_DEVICE_FAMILY = 1;
			};
			name = Debug;
		};
		ECFC68D4246874830060C8AF /* Release */ = {
			isa = XCBuildConfiguration;
			baseConfigurationReference = 90D8120E78464245841D64BA /* Pods-UserInterface.release.xcconfig */;
			buildSettings = {
				ASSETCATALOG_COMPILER_APPICON_NAME = AppIcon;
				CODE_SIGN_STYLE = Automatic;
				DEVELOPMENT_TEAM = 4EQ948BHF9;
				INFOPLIST_FILE = UserInterface/Info.plist;
				IPHONEOS_DEPLOYMENT_TARGET = 13.0;
				LD_RUNPATH_SEARCH_PATHS = (
					"$(inherited)",
					"@executable_path/Frameworks",
				);
				PRODUCT_BUNDLE_IDENTIFIER = com.almeidaws.WeatherHere.UserInterface;
				PRODUCT_NAME = "Weather Here";
				SWIFT_VERSION = 5.0;
				TARGETED_DEVICE_FAMILY = 1;
			};
			name = Release;
		};
/* End XCBuildConfiguration section */

/* Begin XCConfigurationList section */
		ECFC68B92468747E0060C8AF /* Build configuration list for PBXProject "UserInterface" */ = {
			isa = XCConfigurationList;
			buildConfigurations = (
				ECFC68D0246874830060C8AF /* Debug */,
				ECFC68D1246874830060C8AF /* Release */,
			);
			defaultConfigurationIsVisible = 0;
			defaultConfigurationName = Release;
		};
		ECFC68D2246874830060C8AF /* Build configuration list for PBXNativeTarget "UserInterface" */ = {
			isa = XCConfigurationList;
			buildConfigurations = (
				ECFC68D3246874830060C8AF /* Debug */,
				ECFC68D4246874830060C8AF /* Release */,
			);
			defaultConfigurationIsVisible = 0;
			defaultConfigurationName = Release;
		};
/* End XCConfigurationList section */
	};
	rootObject = ECFC68B62468747E0060C8AF /* Project object */;
}
